
Microsoft Visual Studio Solution File, Format Version 12.00
# Visual Studio Version 17
VisualStudioVersion = 17.4.33205.214
MinimumVisualStudioVersion = 10.0.40219.1
Project("{FAE04EC0-301F-11D3-BF4B-00C04F79EFBC}") = "Krunker Hack Detector", "Krunker Hack Detector\Krunker Hack Detector.csproj", "{2014D3CB-6779-41FF-9DCA-760A3F43E3EB}"
EndProject
Global
	GlobalSection(SolutionConfigurationPlatforms) = preSolution
		Debug|Any CPU = Debug|Any CPU
		Release|Any CPU = Release|Any CPU
	EndGlobalSection
	GlobalSection(ProjectConfigurationPlatforms) = postSolution
		{2014D3CB-6779-41FF-9DCA-760A3F43E3EB}.Debug|Any CPU.ActiveCfg = Debug|Any CPU
		{2014D3CB-6779-41FF-9DCA-760A3F43E3EB}.Debug|Any CPU.Build.0 = Debug|Any CPU
		{2014D3CB-6779-41FF-9DCA-760A3F43E3EB}.Release|Any CPU.ActiveCfg = Release|Any CPU
		{2014D3CB-6779-41FF-9DCA-760A3F43E3EB}.Release|Any CPU.Build.0 = Release|Any CPU
	EndGlobalSection
	GlobalSection(SolutionProperties) = preSolution
		HideSolutionNode = FALSE
	EndGlobalSection
	GlobalSection(ExtensibilityGlobals) = postSolution
		SolutionGuid = {AF3762D6-F07E-41A9-BC77-3951ECC11C80}
	EndGlobalSection
EndGlobal
